
Microsoft Visual Studio Solution File, Format Version 12.00
# Visual Studio Version 16
VisualStudioVersion = 16.0.30717.126
MinimumVisualStudioVersion = 10.0.40219.1
Project("{FAE04EC0-301F-11D3-BF4B-00C04F79EFBC}") = "RestWithASPNET", "RestWithASPNET\RestWithASPNET.csproj", "{994B00C5-19E6-4611-9ECB-87648F8C12A2}"
EndProject
Global
	GlobalSection(SolutionConfigurationPlatforms) = preSolution
		Debug|Any CPU = Debug|Any CPU
		Release|Any CPU = Release|Any CPU
	EndGlobalSection
	GlobalSection(ProjectConfigurationPlatforms) = postSolution
		{994B00C5-19E6-4611-9ECB-87648F8C12A2}.Debug|Any CPU.ActiveCfg = Debug|Any CPU
		{994B00C5-19E6-4611-9ECB-87648F8C12A2}.Debug|Any CPU.Build.0 = Debug|Any CPU
		{994B00C5-19E6-4611-9ECB-87648F8C12A2}.Release|Any CPU.ActiveCfg = Release|Any CPU
		{994B00C5-19E6-4611-9ECB-87648F8C12A2}.Release|Any CPU.Build.0 = Release|Any CPU
	EndGlobalSection
	GlobalSection(SolutionProperties) = preSolution
		HideSolutionNode = FALSE
	EndGlobalSection
	GlobalSection(ExtensibilityGlobals) = postSolution
		SolutionGuid = {40E9A921-1CC1-40FB-AD46-D4998A57C108}
	EndGlobalSection
EndGlobal
